// !$*UTF8*$!
{
	archiveVersion = 1;
	classes = {
	};
	objectVersion = 48;
	objects = {

/* Begin PBXBuildFile section */
		EE47C1F720CBB71800AB8BF8 /* AppDelegate.m in Sources */ = {isa = PBXBuildFile; fileRef = EE47C1F620CBB71800AB8BF8 /* AppDelegate.m */; };
		EE47C1FA20CBB71800AB8BF8 /* ViewController.m in Sources */ = {isa = PBXBuildFile; fileRef = EE47C1F920CBB71800AB8BF8 /* ViewController.m */; };
		EE47C1FD20CBB71800AB8BF8 /* Main.storyboard in Resources */ = {isa = PBXBuildFile; fileRef = EE47C1FB20CBB71800AB8BF8 /* Main.storyboard */; };
		EE47C1FF20CBB71800AB8BF8 /* Assets.xcassets in Resources */ = {isa = PBXBuildFile; fileRef = EE47C1FE20CBB71800AB8BF8 /* Assets.xcassets */; };
		EE47C20220CBB71800AB8BF8 /* LaunchScreen.storyboard in Resources */ = {isa = PBXBuildFile; fileRef = EE47C20020CBB71800AB8BF8 /* LaunchScreen.storyboard */; };
		EE47C20520CBB71800AB8BF8 /* main.m in Sources */ = {isa = PBXBuildFile; fileRef = EE47C20420CBB71800AB8BF8 /* main.m */; };
		EE47C20F20CBB71800AB8BF8 /* appDelegate_______Tests.m in Sources */ = {isa = PBXBuildFile; fileRef = EE47C20E20CBB71800AB8BF8 /* appDelegate_______Tests.m */; };
		EE47C21A20CBB71800AB8BF8 /* appDelegate_______UITests.m in Sources */ = {isa = PBXBuildFile; fileRef = EE47C21920CBB71800AB8BF8 /* appDelegate_______UITests.m */; };
		EE47C22D20CBB88100AB8BF8 /* PHIBaseAppDelegate.m in Sources */ = {isa = PBXBuildFile; fileRef = EE47C22920CBB88100AB8BF8 /* PHIBaseAppDelegate.m */; };
		EE47C22E20CBB88100AB8BF8 /* PHIEngine.m in Sources */ = {isa = PBXBuildFile; fileRef = EE47C22B20CBB88100AB8BF8 /* PHIEngine.m */; };
		EE47C23D20CBBB0F00AB8BF8 /* PHIAppConfigurator.m in Sources */ = {isa = PBXBuildFile; fileRef = EE47C23C20CBBB0F00AB8BF8 /* PHIAppConfigurator.m */; };
		EE47C24020CBBCEC00AB8BF8 /* PHIBuglyConfigurator.m in Sources */ = {isa = PBXBuildFile; fileRef = EE47C23F20CBBCEC00AB8BF8 /* PHIBuglyConfigurator.m */; };
		EE4A6BD820D2917400945C40 /* PHIConfig.m in Sources */ = {isa = PBXBuildFile; fileRef = EE4A6BD720D2917400945C40 /* PHIConfig.m */; };
		EE4A6BDE20D2968000945C40 /* PHIConfigService.m in Sources */ = {isa = PBXBuildFile; fileRef = EE4A6BDD20D2968000945C40 /* PHIConfigService.m */; };
		EE4A6BE120D29B3B00945C40 /* PHIColorConfig.plist in Resources */ = {isa = PBXBuildFile; fileRef = EE4A6BE020D29B3B00945C40 /* PHIColorConfig.plist */; };
		EE4BCF0B21099F8F00FAB6D8 /* AFHTTPSessionManager.m in Sources */ = {isa = PBXBuildFile; fileRef = EE4BCEE821099F8E00FAB6D8 /* AFHTTPSessionManager.m */; };
		EE4BCF0C21099F8F00FAB6D8 /* AFNetworkReachabilityManager.m in Sources */ = {isa = PBXBuildFile; fileRef = EE4BCEEB21099F8E00FAB6D8 /* AFNetworkReachabilityManager.m */; };
		EE4BCF0D21099F8F00FAB6D8 /* AFSecurityPolicy.m in Sources */ = {isa = PBXBuildFile; fileRef = EE4BCEED21099F8E00FAB6D8 /* AFSecurityPolicy.m */; };
		EE4BCF0E21099F8F00FAB6D8 /* AFURLRequestSerialization.m in Sources */ = {isa = PBXBuildFile; fileRef = EE4BCEEF21099F8E00FAB6D8 /* AFURLRequestSerialization.m */; };
		EE4BCF0F21099F8F00FAB6D8 /* AFURLResponseSerialization.m in Sources */ = {isa = PBXBuildFile; fileRef = EE4BCEF121099F8E00FAB6D8 /* AFURLResponseSerialization.m */; };
		EE4BCF1021099F8F00FAB6D8 /* AFURLSessionManager.m in Sources */ = {isa = PBXBuildFile; fileRef = EE4BCEF321099F8E00FAB6D8 /* AFURLSessionManager.m */; };
		EE4BCF1121099F8F00FAB6D8 /* LICENSE in Resources */ = {isa = PBXBuildFile; fileRef = EE4BCEF421099F8E00FAB6D8 /* LICENSE */; };
		EE4BCF1221099F8F00FAB6D8 /* README.md in Resources */ = {isa = PBXBuildFile; fileRef = EE4BCEF521099F8E00FAB6D8 /* README.md */; };
		EE4BCF1321099F8F00FAB6D8 /* AFAutoPurgingImageCache.m in Sources */ = {isa = PBXBuildFile; fileRef = EE4BCEF821099F8E00FAB6D8 /* AFAutoPurgingImageCache.m */; };
		EE4BCF1421099F8F00FAB6D8 /* AFImageDownloader.m in Sources */ = {isa = PBXBuildFile; fileRef = EE4BCEFA21099F8E00FAB6D8 /* AFImageDownloader.m */; };
		EE4BCF1521099F8F00FAB6D8 /* AFNetworkActivityIndicatorManager.m in Sources */ = {isa = PBXBuildFile; fileRef = EE4BCEFC21099F8E00FAB6D8 /* AFNetworkActivityIndicatorManager.m */; };
		EE4BCF1621099F8F00FAB6D8 /* UIActivityIndicatorView+AFNetworking.m in Sources */ = {isa = PBXBuildFile; fileRef = EE4BCEFE21099F8E00FAB6D8 /* UIActivityIndicatorView+AFNetworking.m */; };
		EE4BCF1721099F8F00FAB6D8 /* UIButton+AFNetworking.m in Sources */ = {isa = PBXBuildFile; fileRef = EE4BCF0021099F8E00FAB6D8 /* UIButton+AFNetworking.m */; };
		EE4BCF1821099F8F00FAB6D8 /* UIImageView+AFNetworking.m in Sources */ = {isa = PBXBuildFile; fileRef = EE4BCF0321099F8E00FAB6D8 /* UIImageView+AFNetworking.m */; };
		EE4BCF1921099F8F00FAB6D8 /* UIProgressView+AFNetworking.m in Sources */ = {isa = PBXBuildFile; fileRef = EE4BCF0621099F8E00FAB6D8 /* UIProgressView+AFNetworking.m */; };
		EE4BCF1A21099F8F00FAB6D8 /* UIRefreshControl+AFNetworking.m in Sources */ = {isa = PBXBuildFile; fileRef = EE4BCF0821099F8E00FAB6D8 /* UIRefreshControl+AFNetworking.m */; };
		EE4BCF1B21099F8F00FAB6D8 /* UIWebView+AFNetworking.m in Sources */ = {isa = PBXBuildFile; fileRef = EE4BCF0A21099F8E00FAB6D8 /* UIWebView+AFNetworking.m */; };
		EE4BCF202109A0C000FAB6D8 /* NJF_NetWorkTool.m in Sources */ = {isa = PBXBuildFile; fileRef = EE4BCF1F2109A0C000FAB6D8 /* NJF_NetWorkTool.m */; };
		EE4BCF232109AA9900FAB6D8 /* NJFInterfacedConst.m in Sources */ = {isa = PBXBuildFile; fileRef = EE4BCF222109AA9900FAB6D8 /* NJFInterfacedConst.m */; };
		EE4BCF262109AB5500FAB6D8 /* NJFRequest.m in Sources */ = {isa = PBXBuildFile; fileRef = EE4BCF252109AB5500FAB6D8 /* NJFRequest.m */; };
		EE6AEB1020D91C4A007C83E3 /* NSObject+PHIDependencyInjection.m in Sources */ = {isa = PBXBuildFile; fileRef = EE6AEB0F20D91C4A007C83E3 /* NSObject+PHIDependencyInjection.m */; };
/* End PBXBuildFile section */

/* Begin PBXContainerItemProxy section */
		EE47C20B20CBB71800AB8BF8 /* PBXContainerItemProxy */ = {
			isa = PBXContainerItemProxy;
			containerPortal = EE47C1EA20CBB71800AB8BF8 /* Project object */;
			proxyType = 1;
			remoteGlobalIDString = EE47C1F120CBB71800AB8BF8;
			remoteInfo = "appDelegate组建化思路优化";
		};
		EE47C21620CBB71800AB8BF8 /* PBXContainerItemProxy */ = {
			isa = PBXContainerItemProxy;
			containerPortal = EE47C1EA20CBB71800AB8BF8 /* Project object */;
			proxyType = 1;
			remoteGlobalIDString = EE47C1F120CBB71800AB8BF8;
			remoteInfo = "appDelegate组建化思路优化";
		};
/* End PBXContainerItemProxy section */

/* Begin PBXFileReference section */
		54C640D50B6CF63384C2DDA7 /* Pods-appDelegate组建化思路优化.debug.xcconfig */ = {isa = PBXFileReference; includeInIndex = 1; lastKnownFileType = text.xcconfig; name = "Pods-appDelegate组建化思路优化.debug.xcconfig"; path = "Pods/Target Support Files/Pods-appDelegate组建化思路优化/Pods-appDelegate组建化思路优化.debug.xcconfig"; sourceTree = "<group>"; };
		AF2A885BA1E162CDE0C6EDAA /* Pods_appDelegate_______.framework */ = {isa = PBXFileReference; explicitFileType = wrapper.framework; includeInIndex = 0; path = "Pods_appDelegate_______.framework"; sourceTree = BUILT_PRODUCTS_DIR; };
		BF186E29166EA29BE256E3D7 /* Pods-appDelegate组建化思路优化.release.xcconfig */ = {isa = PBXFileReference; includeInIndex = 1; lastKnownFileType = text.xcconfig; name = "Pods-appDelegate组建化思路优化.release.xcconfig"; path = "Pods/Target Support Files/Pods-appDelegate组建化思路优化/Pods-appDelegate组建化思路优化.release.xcconfig"; sourceTree = "<group>"; };
		EE47C1F220CBB71800AB8BF8 /* appDelegate组建化思路优化.app */ = {isa = PBXFileReference; explicitFileType = wrapper.application; includeInIndex = 0; path = "appDelegate组建化思路优化.app"; sourceTree = BUILT_PRODUCTS_DIR; };
		EE47C1F520CBB71800AB8BF8 /* AppDelegate.h */ = {isa = PBXFileReference; lastKnownFileType = sourcecode.c.h; path = AppDelegate.h; sourceTree = "<group>"; };
		EE47C1F620CBB71800AB8BF8 /* AppDelegate.m */ = {isa = PBXFileReference; lastKnownFileType = sourcecode.c.objc; path = AppDelegate.m; sourceTree = "<group>"; };
		EE47C1F820CBB71800AB8BF8 /* ViewController.h */ = {isa = PBXFileReference; lastKnownFileType = sourcecode.c.h; path = ViewController.h; sourceTree = "<group>"; };
		EE47C1F920CBB71800AB8BF8 /* ViewController.m */ = {isa = PBXFileReference; lastKnownFileType = sourcecode.c.objc; path = ViewController.m; sourceTree = "<group>"; };
		EE47C1FC20CBB71800AB8BF8 /* Base */ = {isa = PBXFileReference; lastKnownFileType = file.storyboard; name = Base; path = Base.lproj/Main.storyboard; sourceTree = "<group>"; };
		EE47C1FE20CBB71800AB8BF8 /* Assets.xcassets */ = {isa = PBXFileReference; lastKnownFileType = folder.assetcatalog; path = Assets.xcassets; sourceTree = "<group>"; };
		EE47C20120CBB71800AB8BF8 /* Base */ = {isa = PBXFileReference; lastKnownFileType = file.storyboard; name = Base; path = Base.lproj/LaunchScreen.storyboard; sourceTree = "<group>"; };
		EE47C20320CBB71800AB8BF8 /* Info.plist */ = {isa = PBXFileReference; lastKnownFileType = text.plist.xml; path = Info.plist; sourceTree = "<group>"; };
		EE47C20420CBB71800AB8BF8 /* main.m */ = {isa = PBXFileReference; lastKnownFileType = sourcecode.c.objc; path = main.m; sourceTree = "<group>"; };
		EE47C20A20CBB71800AB8BF8 /* appDelegate组建化思路优化Tests.xctest */ = {isa = PBXFileReference; explicitFileType = wrapper.cfbundle; includeInIndex = 0; path = "appDelegate组建化思路优化Tests.xctest"; sourceTree = BUILT_PRODUCTS_DIR; };
		EE47C20E20CBB71800AB8BF8 /* appDelegate_______Tests.m */ = {isa = PBXFileReference; lastKnownFileType = sourcecode.c.objc; path = "appDelegate_______Tests.m"; sourceTree = "<group>"; };
		EE47C21020CBB71800AB8BF8 /* Info.plist */ = {isa = PBXFileReference; lastKnownFileType = text.plist.xml; path = Info.plist; sourceTree = "<group>"; };
		EE47C21520CBB71800AB8BF8 /* appDelegate组建化思路优化UITests.xctest */ = {isa = PBXFileReference; explicitFileType = wrapper.cfbundle; includeInIndex = 0; path = "appDelegate组建化思路优化UITests.xctest"; sourceTree = BUILT_PRODUCTS_DIR; };
		EE47C21920CBB71800AB8BF8 /* appDelegate_______UITests.m */ = {isa = PBXFileReference; lastKnownFileType = sourcecode.c.objc; path = "appDelegate_______UITests.m"; sourceTree = "<group>"; };
		EE47C21B20CBB71800AB8BF8 /* Info.plist */ = {isa = PBXFileReference; lastKnownFileType = text.plist.xml; path = Info.plist; sourceTree = "<group>"; };
		EE47C22820CBB88100AB8BF8 /* PHIBaseAppDelegate.h */ = {isa = PBXFileReference; fileEncoding = 4; lastKnownFileType = sourcecode.c.h; path = PHIBaseAppDelegate.h; sourceTree = "<group>"; };
		EE47C22920CBB88100AB8BF8 /* PHIBaseAppDelegate.m */ = {isa = PBXFileReference; fileEncoding = 4; lastKnownFileType = sourcecode.c.objc; path = PHIBaseAppDelegate.m; sourceTree = "<group>"; };
		EE47C22A20CBB88100AB8BF8 /* PHIEngine.h */ = {isa = PBXFileReference; fileEncoding = 4; lastKnownFileType = sourcecode.c.h; path = PHIEngine.h; sourceTree = "<group>"; };
		EE47C22B20CBB88100AB8BF8 /* PHIEngine.m */ = {isa = PBXFileReference; fileEncoding = 4; lastKnownFileType = sourcecode.c.objc; path = PHIEngine.m; sourceTree = "<group>"; };
		EE47C22C20CBB88100AB8BF8 /* PHIEngineDelegate.h */ = {isa = PBXFileReference; fileEncoding = 4; lastKnownFileType = sourcecode.c.h; path = PHIEngineDelegate.h; sourceTree = "<group>"; };
		EE47C23B20CBBB0F00AB8BF8 /* PHIAppConfigurator.h */ = {isa = PBXFileReference; lastKnownFileType = sourcecode.c.h; path = PHIAppConfigurator.h; sourceTree = "<group>"; };
		EE47C23C20CBBB0F00AB8BF8 /* PHIAppConfigurator.m */ = {isa = PBXFileReference; lastKnownFileType = sourcecode.c.objc; path = PHIAppConfigurator.m; sourceTree = "<group>"; };
		EE47C23E20CBBCEC00AB8BF8 /* PHIBuglyConfigurator.h */ = {isa = PBXFileReference; lastKnownFileType = sourcecode.c.h; path = PHIBuglyConfigurator.h; sourceTree = "<group>"; };
		EE47C23F20CBBCEC00AB8BF8 /* PHIBuglyConfigurator.m */ = {isa = PBXFileReference; lastKnownFileType = sourcecode.c.objc; path = PHIBuglyConfigurator.m; sourceTree = "<group>"; };
		EE4A6BD620D2917400945C40 /* PHIConfig.h */ = {isa = PBXFileReference; lastKnownFileType = sourcecode.c.h; path = PHIConfig.h; sourceTree = "<group>"; };
		EE4A6BD720D2917400945C40 /* PHIConfig.m */ = {isa = PBXFileReference; lastKnownFileType = sourcecode.c.objc; path = PHIConfig.m; sourceTree = "<group>"; };
		EE4A6BDC20D2968000945C40 /* PHIConfigService.h */ = {isa = PBXFileReference; lastKnownFileType = sourcecode.c.h; path = PHIConfigService.h; sourceTree = "<group>"; };
		EE4A6BDD20D2968000945C40 /* PHIConfigService.m */ = {isa = PBXFileReference; lastKnownFileType = sourcecode.c.objc; path = PHIConfigService.m; sourceTree = "<group>"; };
		EE4A6BE020D29B3B00945C40 /* PHIColorConfig.plist */ = {isa = PBXFileReference; fileEncoding = 4; lastKnownFileType = text.plist.xml; path = PHIColorConfig.plist; sourceTree = "<group>"; };
		EE4BCEE721099F8E00FAB6D8 /* AFHTTPSessionManager.h */ = {isa = PBXFileReference; fileEncoding = 4; lastKnownFileType = sourcecode.c.h; path = AFHTTPSessionManager.h; sourceTree = "<group>"; };
		EE4BCEE821099F8E00FAB6D8 /* AFHTTPSessionManager.m */ = {isa = PBXFileReference; fileEncoding = 4; lastKnownFileType = sourcecode.c.objc; path = AFHTTPSessionManager.m; sourceTree = "<group>"; };
		EE4BCEE921099F8E00FAB6D8 /* AFNetworking.h */ = {isa = PBXFileReference; fileEncoding = 4; lastKnownFileType = sourcecode.c.h; path = AFNetworking.h; sourceTree = "<group>"; };
		EE4BCEEA21099F8E00FAB6D8 /* AFNetworkReachabilityManager.h */ = {isa = PBXFileReference; fileEncoding = 4; lastKnownFileType = sourcecode.c.h; path = AFNetworkReachabilityManager.h; sourceTree = "<group>"; };
		EE4BCEEB21099F8E00FAB6D8 /* AFNetworkReachabilityManager.m */ = {isa = PBXFileReference; fileEncoding = 4; lastKnownFileType = sourcecode.c.objc; path = AFNetworkReachabilityManager.m; sourceTree = "<group>"; };
		EE4BCEEC21099F8E00FAB6D8 /* AFSecurityPolicy.h */ = {isa = PBXFileReference; fileEncoding = 4; lastKnownFileType = sourcecode.c.h; path = AFSecurityPolicy.h; sourceTree = "<group>"; };
		EE4BCEED21099F8E00FAB6D8 /* AFSecurityPolicy.m */ = {isa = PBXFileReference; fileEncoding = 4; lastKnownFileType = sourcecode.c.objc; path = AFSecurityPolicy.m; sourceTree = "<group>"; };
		EE4BCEEE21099F8E00FAB6D8 /* AFURLRequestSerialization.h */ = {isa = PBXFileReference; fileEncoding = 4; lastKnownFileType = sourcecode.c.h; path = AFURLRequestSerialization.h; sourceTree = "<group>"; };
		EE4BCEEF21099F8E00FAB6D8 /* AFURLRequestSerialization.m */ = {isa = PBXFileReference; fileEncoding = 4; lastKnownFileType = sourcecode.c.objc; path = AFURLRequestSerialization.m; sourceTree = "<group>"; };
		EE4BCEF021099F8E00FAB6D8 /* AFURLResponseSerialization.h */ = {isa = PBXFileReference; fileEncoding = 4; lastKnownFileType = sourcecode.c.h; path = AFURLResponseSerialization.h; sourceTree = "<group>"; };
		EE4BCEF121099F8E00FAB6D8 /* AFURLResponseSerialization.m */ = {isa = PBXFileReference; fileEncoding = 4; lastKnownFileType = sourcecode.c.objc; path = AFURLResponseSerialization.m; sourceTree = "<group>"; };
		EE4BCEF221099F8E00FAB6D8 /* AFURLSessionManager.h */ = {isa = PBXFileReference; fileEncoding = 4; lastKnownFileType = sourcecode.c.h; path = AFURLSessionManager.h; sourceTree = "<group>"; };
		EE4BCEF321099F8E00FAB6D8 /* AFURLSessionManager.m */ = {isa = PBXFileReference; fileEncoding = 4; lastKnownFileType = sourcecode.c.objc; path = AFURLSessionManager.m; sourceTree = "<group>"; };
		EE4BCEF421099F8E00FAB6D8 /* LICENSE */ = {isa = PBXFileReference; fileEncoding = 4; lastKnownFileType = text; path = LICENSE; sourceTree = "<group>"; };
		EE4BCEF521099F8E00FAB6D8 /* README.md */ = {isa = PBXFileReference; fileEncoding = 4; lastKnownFileType = net.daringfireball.markdown; path = README.md; sourceTree = "<group>"; };
		EE4BCEF721099F8E00FAB6D8 /* AFAutoPurgingImageCache.h */ = {isa = PBXFileReference; fileEncoding = 4; lastKnownFileType = sourcecode.c.h; path = AFAutoPurgingImageCache.h; sourceTree = "<group>"; };
		EE4BCEF821099F8E00FAB6D8 /* AFAutoPurgingImageCache.m */ = {isa = PBXFileReference; fileEncoding = 4; lastKnownFileType = sourcecode.c.objc; path = AFAutoPurgingImageCache.m; sourceTree = "<group>"; };
		EE4BCEF921099F8E00FAB6D8 /* AFImageDownloader.h */ = {isa = PBXFileReference; fileEncoding = 4; lastKnownFileType = sourcecode.c.h; path = AFImageDownloader.h; sourceTree = "<group>"; };
		EE4BCEFA21099F8E00FAB6D8 /* AFImageDownloader.m */ = {isa = PBXFileReference; fileEncoding = 4; lastKnownFileType = sourcecode.c.objc; path = AFImageDownloader.m; sourceTree = "<group>"; };
		EE4BCEFB21099F8E00FAB6D8 /* AFNetworkActivityIndicatorManager.h */ = {isa = PBXFileReference; fileEncoding = 4; lastKnownFileType = sourcecode.c.h; path = AFNetworkActivityIndicatorManager.h; sourceTree = "<group>"; };
		EE4BCEFC21099F8E00FAB6D8 /* AFNetworkActivityIndicatorManager.m */ = {isa = PBXFileReference; fileEncoding = 4; lastKnownFileType = sourcecode.c.objc; path = AFNetworkActivityIndicatorManager.m; sourceTree = "<group>"; };
		EE4BCEFD21099F8E00FAB6D8 /* UIActivityIndicatorView+AFNetworking.h */ = {isa = PBXFileReference; fileEncoding = 4; lastKnownFileType = sourcecode.c.h; path = "UIActivityIndicatorView+AFNetworking.h"; sourceTree = "<group>"; };
		EE4BCEFE21099F8E00FAB6D8 /* UIActivityIndicatorView+AFNetworking.m */ = {isa = PBXFileReference; fileEncoding = 4; lastKnownFileType = sourcecode.c.objc; path = "UIActivityIndicatorView+AFNetworking.m"; sourceTree = "<group>"; };
		EE4BCEFF21099F8E00FAB6D8 /* UIButton+AFNetworking.h */ = {isa = PBXFileReference; fileEncoding = 4; lastKnownFileType = sourcecode.c.h; path = "UIButton+AFNetworking.h"; sourceTree = "<group>"; };
		EE4BCF0021099F8E00FAB6D8 /* UIButton+AFNetworking.m */ = {isa = PBXFileReference; fileEncoding = 4; lastKnownFileType = sourcecode.c.objc; path = "UIButton+AFNetworking.m"; sourceTree = "<group>"; };
		EE4BCF0121099F8E00FAB6D8 /* UIImage+AFNetworking.h */ = {isa = PBXFileReference; fileEncoding = 4; lastKnownFileType = sourcecode.c.h; path = "UIImage+AFNetworking.h"; sourceTree = "<group>"; };
		EE4BCF0221099F8E00FAB6D8 /* UIImageView+AFNetworking.h */ = {isa = PBXFileReference; fileEncoding = 4; lastKnownFileType = sourcecode.c.h; path = "UIImageView+AFNetworking.h"; sourceTree = "<group>"; };
		EE4BCF0321099F8E00FAB6D8 /* UIImageView+AFNetworking.m */ = {isa = PBXFileReference; fileEncoding = 4; lastKnownFileType = sourcecode.c.objc; path = "UIImageView+AFNetworking.m"; sourceTree = "<group>"; };
		EE4BCF0421099F8E00FAB6D8 /* UIKit+AFNetworking.h */ = {isa = PBXFileReference; fileEncoding = 4; lastKnownFileType = sourcecode.c.h; path = "UIKit+AFNetworking.h"; sourceTree = "<group>"; };
		EE4BCF0521099F8E00FAB6D8 /* UIProgressView+AFNetworking.h */ = {isa = PBXFileReference; fileEncoding = 4; lastKnownFileType = sourcecode.c.h; path = "UIProgressView+AFNetworking.h"; sourceTree = "<group>"; };
		EE4BCF0621099F8E00FAB6D8 /* UIProgressView+AFNetworking.m */ = {isa = PBXFileReference; fileEncoding = 4; lastKnownFileType = sourcecode.c.objc; path = "UIProgressView+AFNetworking.m"; sourceTree = "<group>"; };
		EE4BCF0721099F8E00FAB6D8 /* UIRefreshControl+AFNetworking.h */ = {isa = PBXFileReference; fileEncoding = 4; lastKnownFileType = sourcecode.c.h; path = "UIRefreshControl+AFNetworking.h"; sourceTree = "<group>"; };
		EE4BCF0821099F8E00FAB6D8 /* UIRefreshControl+AFNetworking.m */ = {isa = PBXFileReference; fileEncoding = 4; lastKnownFileType = sourcecode.c.objc; path = "UIRefreshControl+AFNetworking.m"; sourceTree = "<group>"; };
		EE4BCF0921099F8E00FAB6D8 /* UIWebView+AFNetworking.h */ = {isa = PBXFileReference; fileEncoding = 4; lastKnownFileType = sourcecode.c.h; path = "UIWebView+AFNetworking.h"; sourceTree = "<group>"; };
		EE4BCF0A21099F8E00FAB6D8 /* UIWebView+AFNetworking.m */ = {isa = PBXFileReference; fileEncoding = 4; lastKnownFileType = sourcecode.c.objc; path = "UIWebView+AFNetworking.m"; sourceTree = "<group>"; };
		EE4BCF1E2109A0C000FAB6D8 /* NJF_NetWorkTool.h */ = {isa = PBXFileReference; lastKnownFileType = sourcecode.c.h; path = NJF_NetWorkTool.h; sourceTree = "<group>"; };
		EE4BCF1F2109A0C000FAB6D8 /* NJF_NetWorkTool.m */ = {isa = PBXFileReference; lastKnownFileType = sourcecode.c.objc; path = NJF_NetWorkTool.m; sourceTree = "<group>"; };
		EE4BCF212109AA9900FAB6D8 /* NJFInterfacedConst.h */ = {isa = PBXFileReference; lastKnownFileType = sourcecode.c.h; path = NJFInterfacedConst.h; sourceTree = "<group>"; };
		EE4BCF222109AA9900FAB6D8 /* NJFInterfacedConst.m */ = {isa = PBXFileReference; lastKnownFileType = sourcecode.c.objc; path = NJFInterfacedConst.m; sourceTree = "<group>"; };
		EE4BCF242109AB5500FAB6D8 /* NJFRequest.h */ = {isa = PBXFileReference; lastKnownFileType = sourcecode.c.h; path = NJFRequest.h; sourceTree = "<group>"; };
		EE4BCF252109AB5500FAB6D8 /* NJFRequest.m */ = {isa = PBXFileReference; lastKnownFileType = sourcecode.c.objc; path = NJFRequest.m; sourceTree = "<group>"; };
		EE6AEB0E20D91C4A007C83E3 /* NSObject+PHIDependencyInjection.h */ = {isa = PBXFileReference; fileEncoding = 4; lastKnownFileType = sourcecode.c.h; path = "NSObject+PHIDependencyInjection.h"; sourceTree = "<group>"; };
		EE6AEB0F20D91C4A007C83E3 /* NSObject+PHIDependencyInjection.m */ = {isa = PBXFileReference; fileEncoding = 4; lastKnownFileType = sourcecode.c.objc; path = "NSObject+PHIDependencyInjection.m"; sourceTree = "<group>"; };
/* End PBXFileReference section */

/* Begin PBXFrameworksBuildPhase section */
		EE47C1EF20CBB71800AB8BF8 /* Frameworks */ = {
			isa = PBXFrameworksBuildPhase;
			buildActionMask = 2147483647;
			files = (
			);
			runOnlyForDeploymentPostprocessing = 0;
		};
		EE47C20720CBB71800AB8BF8 /* Frameworks */ = {
			isa = PBXFrameworksBuildPhase;
			buildActionMask = 2147483647;
			files = (
			);
			runOnlyForDeploymentPostprocessing = 0;
		};
		EE47C21220CBB71800AB8BF8 /* Frameworks */ = {
			isa = PBXFrameworksBuildPhase;
			buildActionMask = 2147483647;
			files = (
			);
			runOnlyForDeploymentPostprocessing = 0;
		};
/* End PBXFrameworksBuildPhase section */

/* Begin PBXGroup section */
		19F224C63FB92758A615039B /* Frameworks */ = {
			isa = PBXGroup;
			children = (
				AF2A885BA1E162CDE0C6EDAA /* Pods_appDelegate_______.framework */,
			);
			name = Frameworks;
			sourceTree = "<group>";
		};
		EE47C1E920CBB71800AB8BF8 = {
			isa = PBXGroup;
			children = (
				EE47C1F420CBB71800AB8BF8 /* appDelegate组建化思路优化 */,
				EE47C20D20CBB71800AB8BF8 /* appDelegate组建化思路优化Tests */,
				EE47C21820CBB71800AB8BF8 /* appDelegate组建化思路优化UITests */,
				EE47C1F320CBB71800AB8BF8 /* Products */,
				F405E3B16B685ECF7C8C964D /* Pods */,
				19F224C63FB92758A615039B /* Frameworks */,
			);
			sourceTree = "<group>";
		};
		EE47C1F320CBB71800AB8BF8 /* Products */ = {
			isa = PBXGroup;
			children = (
				EE47C1F220CBB71800AB8BF8 /* appDelegate组建化思路优化.app */,
				EE47C20A20CBB71800AB8BF8 /* appDelegate组建化思路优化Tests.xctest */,
				EE47C21520CBB71800AB8BF8 /* appDelegate组建化思路优化UITests.xctest */,
			);
			name = Products;
			sourceTree = "<group>";
		};
		EE47C1F420CBB71800AB8BF8 /* appDelegate组建化思路优化 */ = {
			isa = PBXGroup;
			children = (
				EE4BCF1C21099FCB00FAB6D8 /* Tools */,
				EE4BCEE421099F1E00FAB6D8 /* ThirdLibs */,
				EE4A6BDF20D29B2500945C40 /* Resource */,
				EE47C22F20CBB88700AB8BF8 /* PHIAppConfigurator */,
				EE47C22720CBB88100AB8BF8 /* PHIEngine */,
				EE47C1F520CBB71800AB8BF8 /* AppDelegate.h */,
				EE47C1F620CBB71800AB8BF8 /* AppDelegate.m */,
				EE47C1F820CBB71800AB8BF8 /* ViewController.h */,
				EE47C1F920CBB71800AB8BF8 /* ViewController.m */,
				EE47C1FB20CBB71800AB8BF8 /* Main.storyboard */,
				EE47C1FE20CBB71800AB8BF8 /* Assets.xcassets */,
				EE47C20020CBB71800AB8BF8 /* LaunchScreen.storyboard */,
				EE47C20320CBB71800AB8BF8 /* Info.plist */,
				EE47C20420CBB71800AB8BF8 /* main.m */,
			);
			path = "appDelegate组建化思路优化";
			sourceTree = "<group>";
		};
		EE47C20D20CBB71800AB8BF8 /* appDelegate组建化思路优化Tests */ = {
			isa = PBXGroup;
			children = (
				EE47C20E20CBB71800AB8BF8 /* appDelegate_______Tests.m */,
				EE47C21020CBB71800AB8BF8 /* Info.plist */,
			);
			path = "appDelegate组建化思路优化Tests";
			sourceTree = "<group>";
		};
		EE47C21820CBB71800AB8BF8 /* appDelegate组建化思路优化UITests */ = {
			isa = PBXGroup;
			children = (
				EE47C21920CBB71800AB8BF8 /* appDelegate_______UITests.m */,
				EE47C21B20CBB71800AB8BF8 /* Info.plist */,
			);
			path = "appDelegate组建化思路优化UITests";
			sourceTree = "<group>";
		};
		EE47C22720CBB88100AB8BF8 /* PHIEngine */ = {
			isa = PBXGroup;
			children = (
				EE6AEB0E20D91C4A007C83E3 /* NSObject+PHIDependencyInjection.h */,
				EE6AEB0F20D91C4A007C83E3 /* NSObject+PHIDependencyInjection.m */,
				EE47C22820CBB88100AB8BF8 /* PHIBaseAppDelegate.h */,
				EE47C22920CBB88100AB8BF8 /* PHIBaseAppDelegate.m */,
				EE47C22A20CBB88100AB8BF8 /* PHIEngine.h */,
				EE47C22B20CBB88100AB8BF8 /* PHIEngine.m */,
				EE47C22C20CBB88100AB8BF8 /* PHIEngineDelegate.h */,
			);
			path = PHIEngine;
			sourceTree = "<group>";
		};
		EE47C22F20CBB88700AB8BF8 /* PHIAppConfigurator */ = {
			isa = PBXGroup;
			children = (
				EE47C23B20CBBB0F00AB8BF8 /* PHIAppConfigurator.h */,
				EE47C23C20CBBB0F00AB8BF8 /* PHIAppConfigurator.m */,
				EE4A6BD520D2915500945C40 /* PHIColorConfig */,
				EE47C23020CBB88700AB8BF8 /* PHIBugly */,
				EE47C23120CBB88700AB8BF8 /* PHIMap */,
				EE47C23220CBB88700AB8BF8 /* PHIUMengAnlyticsConfigurator */,
				EE47C23320CBB88700AB8BF8 /* PHIUMengPush */,
				EE47C23420CBB88700AB8BF8 /* PHIUMengShare */,
			);
			path = PHIAppConfigurator;
			sourceTree = "<group>";
		};
		EE47C23020CBB88700AB8BF8 /* PHIBugly */ = {
			isa = PBXGroup;
			children = (
				EE47C23E20CBBCEC00AB8BF8 /* PHIBuglyConfigurator.h */,
				EE47C23F20CBBCEC00AB8BF8 /* PHIBuglyConfigurator.m */,
			);
			path = PHIBugly;
			sourceTree = "<group>";
		};
		EE47C23120CBB88700AB8BF8 /* PHIMap */ = {
			isa = PBXGroup;
			children = (
			);
			path = PHIMap;
			sourceTree = "<group>";
		};
		EE47C23220CBB88700AB8BF8 /* PHIUMengAnlyticsConfigurator */ = {
			isa = PBXGroup;
			children = (
			);
			path = PHIUMengAnlyticsConfigurator;
			sourceTree = "<group>";
		};
		EE47C23320CBB88700AB8BF8 /* PHIUMengPush */ = {
			isa = PBXGroup;
			children = (
			);
			path = PHIUMengPush;
			sourceTree = "<group>";
		};
		EE47C23420CBB88700AB8BF8 /* PHIUMengShare */ = {
			isa = PBXGroup;
			children = (
			);
			path = PHIUMengShare;
			sourceTree = "<group>";
		};
		EE4A6BD520D2915500945C40 /* PHIColorConfig */ = {
			isa = PBXGroup;
			children = (
				EE4A6BD620D2917400945C40 /* PHIConfig.h */,
				EE4A6BD720D2917400945C40 /* PHIConfig.m */,
				EE4A6BDC20D2968000945C40 /* PHIConfigService.h */,
				EE4A6BDD20D2968000945C40 /* PHIConfigService.m */,
			);
			path = PHIColorConfig;
			sourceTree = "<group>";
		};
		EE4A6BDF20D29B2500945C40 /* Resource */ = {
			isa = PBXGroup;
			children = (
				EE4A6BE020D29B3B00945C40 /* PHIColorConfig.plist */,
			);
			path = Resource;
			sourceTree = "<group>";
		};
		EE4BCEE421099F1E00FAB6D8 /* ThirdLibs */ = {
			isa = PBXGroup;
			children = (
				EE4BCEE521099F8E00FAB6D8 /* AFNetworking */,
			);
			path = ThirdLibs;
			sourceTree = "<group>";
		};
		EE4BCEE521099F8E00FAB6D8 /* AFNetworking */ = {
			isa = PBXGroup;
			children = (
				EE4BCEE621099F8E00FAB6D8 /* AFNetworking */,
				EE4BCEF421099F8E00FAB6D8 /* LICENSE */,
				EE4BCEF521099F8E00FAB6D8 /* README.md */,
				EE4BCEF621099F8E00FAB6D8 /* UIKit+AFNetworking */,
			);
			path = AFNetworking;
			sourceTree = "<group>";
		};
		EE4BCEE621099F8E00FAB6D8 /* AFNetworking */ = {
			isa = PBXGroup;
			children = (
				EE4BCEE721099F8E00FAB6D8 /* AFHTTPSessionManager.h */,
				EE4BCEE821099F8E00FAB6D8 /* AFHTTPSessionManager.m */,
				EE4BCEE921099F8E00FAB6D8 /* AFNetworking.h */,
				EE4BCEEA21099F8E00FAB6D8 /* AFNetworkReachabilityManager.h */,
				EE4BCEEB21099F8E00FAB6D8 /* AFNetworkReachabilityManager.m */,
				EE4BCEEC21099F8E00FAB6D8 /* AFSecurityPolicy.h */,
				EE4BCEED21099F8E00FAB6D8 /* AFSecurityPolicy.m */,
				EE4BCEEE21099F8E00FAB6D8 /* AFURLRequestSerialization.h */,
				EE4BCEEF21099F8E00FAB6D8 /* AFURLRequestSerialization.m */,
				EE4BCEF021099F8E00FAB6D8 /* AFURLResponseSerialization.h */,
				EE4BCEF121099F8E00FAB6D8 /* AFURLResponseSerialization.m */,
				EE4BCEF221099F8E00FAB6D8 /* AFURLSessionManager.h */,
				EE4BCEF321099F8E00FAB6D8 /* AFURLSessionManager.m */,
			);
			path = AFNetworking;
			sourceTree = "<group>";
		};
		EE4BCEF621099F8E00FAB6D8 /* UIKit+AFNetworking */ = {
			isa = PBXGroup;
			children = (
				EE4BCEF721099F8E00FAB6D8 /* AFAutoPurgingImageCache.h */,
				EE4BCEF821099F8E00FAB6D8 /* AFAutoPurgingImageCache.m */,
				EE4BCEF921099F8E00FAB6D8 /* AFImageDownloader.h */,
				EE4BCEFA21099F8E00FAB6D8 /* AFImageDownloader.m */,
				EE4BCEFB21099F8E00FAB6D8 /* AFNetworkActivityIndicatorManager.h */,
				EE4BCEFC21099F8E00FAB6D8 /* AFNetworkActivityIndicatorManager.m */,
				EE4BCEFD21099F8E00FAB6D8 /* UIActivityIndicatorView+AFNetworking.h */,
				EE4BCEFE21099F8E00FAB6D8 /* UIActivityIndicatorView+AFNetworking.m */,
				EE4BCEFF21099F8E00FAB6D8 /* UIButton+AFNetworking.h */,
				EE4BCF0021099F8E00FAB6D8 /* UIButton+AFNetworking.m */,
				EE4BCF0121099F8E00FAB6D8 /* UIImage+AFNetworking.h */,
				EE4BCF0221099F8E00FAB6D8 /* UIImageView+AFNetworking.h */,
				EE4BCF0321099F8E00FAB6D8 /* UIImageView+AFNetworking.m */,
				EE4BCF0421099F8E00FAB6D8 /* UIKit+AFNetworking.h */,
				EE4BCF0521099F8E00FAB6D8 /* UIProgressView+AFNetworking.h */,
				EE4BCF0621099F8E00FAB6D8 /* UIProgressView+AFNetworking.m */,
				EE4BCF0721099F8E00FAB6D8 /* UIRefreshControl+AFNetworking.h */,
				EE4BCF0821099F8E00FAB6D8 /* UIRefreshControl+AFNetworking.m */,
				EE4BCF0921099F8E00FAB6D8 /* UIWebView+AFNetworking.h */,
				EE4BCF0A21099F8E00FAB6D8 /* UIWebView+AFNetworking.m */,
			);
			path = "UIKit+AFNetworking";
			sourceTree = "<group>";
		};
		EE4BCF1C21099FCB00FAB6D8 /* Tools */ = {
			isa = PBXGroup;
			children = (
				EE4BCF1D21099FCB00FAB6D8 /* AFNTool */,
			);
			path = Tools;
			sourceTree = "<group>";
		};
		EE4BCF1D21099FCB00FAB6D8 /* AFNTool */ = {
			isa = PBXGroup;
			children = (
				EE4BCF1E2109A0C000FAB6D8 /* NJF_NetWorkTool.h */,
				EE4BCF1F2109A0C000FAB6D8 /* NJF_NetWorkTool.m */,
				EE4BCF212109AA9900FAB6D8 /* NJFInterfacedConst.h */,
				EE4BCF222109AA9900FAB6D8 /* NJFInterfacedConst.m */,
				EE4BCF242109AB5500FAB6D8 /* NJFRequest.h */,
				EE4BCF252109AB5500FAB6D8 /* NJFRequest.m */,
			);
			path = AFNTool;
			sourceTree = "<group>";
		};
		F405E3B16B685ECF7C8C964D /* Pods */ = {
			isa = PBXGroup;
			children = (
				54C640D50B6CF63384C2DDA7 /* Pods-appDelegate组建化思路优化.debug.xcconfig */,
				BF186E29166EA29BE256E3D7 /* Pods-appDelegate组建化思路优化.release.xcconfig */,
			);
			name = Pods;
			sourceTree = "<group>";
		};
/* End PBXGroup section */

/* Begin PBXNativeTarget section */
		EE47C1F120CBB71800AB8BF8 /* appDelegate组建化思路优化 */ = {
			isa = PBXNativeTarget;
			buildConfigurationList = EE47C21E20CBB71800AB8BF8 /* Build configuration list for PBXNativeTarget "appDelegate组建化思路优化" */;
			buildPhases = (
				992365ABBA2645BCC7280D4A /* [CP] Check Pods Manifest.lock */,
				EE47C1EE20CBB71800AB8BF8 /* Sources */,
				EE47C1EF20CBB71800AB8BF8 /* Frameworks */,
				EE47C1F020CBB71800AB8BF8 /* Resources */,
			);
			buildRules = (
			);
			dependencies = (
			);
			name = "appDelegate组建化思路优化";
			productName = "appDelegate组建化思路优化";
			productReference = EE47C1F220CBB71800AB8BF8 /* appDelegate组建化思路优化.app */;
			productType = "com.apple.product-type.application";
		};
		EE47C20920CBB71800AB8BF8 /* appDelegate组建化思路优化Tests */ = {
			isa = PBXNativeTarget;
			buildConfigurationList = EE47C22120CBB71800AB8BF8 /* Build configuration list for PBXNativeTarget "appDelegate组建化思路优化Tests" */;
			buildPhases = (
				EE47C20620CBB71800AB8BF8 /* Sources */,
				EE47C20720CBB71800AB8BF8 /* Frameworks */,
				EE47C20820CBB71800AB8BF8 /* Resources */,
			);
			buildRules = (
			);
			dependencies = (
				EE47C20C20CBB71800AB8BF8 /* PBXTargetDependency */,
			);
			name = "appDelegate组建化思路优化Tests";
			productName = "appDelegate组建化思路优化Tests";
			productReference = EE47C20A20CBB71800AB8BF8 /* appDelegate组建化思路优化Tests.xctest */;
			productType = "com.apple.product-type.bundle.unit-test";
		};
		EE47C21420CBB71800AB8BF8 /* appDelegate组建化思路优化UITests */ = {
			isa = PBXNativeTarget;
			buildConfigurationList = EE47C22420CBB71800AB8BF8 /* Build configuration list for PBXNativeTarget "appDelegate组建化思路优化UITests" */;
			buildPhases = (
				EE47C21120CBB71800AB8BF8 /* Sources */,
				EE47C21220CBB71800AB8BF8 /* Frameworks */,
				EE47C21320CBB71800AB8BF8 /* Resources */,
			);
			buildRules = (
			);
			dependencies = (
				EE47C21720CBB71800AB8BF8 /* PBXTargetDependency */,
			);
			name = "appDelegate组建化思路优化UITests";
			productName = "appDelegate组建化思路优化UITests";
			productReference = EE47C21520CBB71800AB8BF8 /* appDelegate组建化思路优化UITests.xctest */;
			productType = "com.apple.product-type.bundle.ui-testing";
		};
/* End PBXNativeTarget section */

/* Begin PBXProject section */
		EE47C1EA20CBB71800AB8BF8 /* Project object */ = {
			isa = PBXProject;
			attributes = {
				LastUpgradeCheck = 0920;
				ORGANIZATIONNAME = niujinfeng;
				TargetAttributes = {
					EE47C1F120CBB71800AB8BF8 = {
						CreatedOnToolsVersion = 9.2;
						ProvisioningStyle = Automatic;
						SystemCapabilities = {
							com.apple.BackgroundModes = {
								enabled = 1;
							};
						};
					};
					EE47C20920CBB71800AB8BF8 = {
						CreatedOnToolsVersion = 9.2;
						ProvisioningStyle = Automatic;
						TestTargetID = EE47C1F120CBB71800AB8BF8;
					};
					EE47C21420CBB71800AB8BF8 = {
						CreatedOnToolsVersion = 9.2;
						ProvisioningStyle = Automatic;
						TestTargetID = EE47C1F120CBB71800AB8BF8;
					};
				};
			};
			buildConfigurationList = EE47C1ED20CBB71800AB8BF8 /* Build configuration list for PBXProject "appDelegate组建化思路优化" */;
			compatibilityVersion = "Xcode 8.0";
			developmentRegion = en;
			hasScannedForEncodings = 0;
			knownRegions = (
				en,
				Base,
			);
			mainGroup = EE47C1E920CBB71800AB8BF8;
			productRefGroup = EE47C1F320CBB71800AB8BF8 /* Products */;
			projectDirPath = "";
			projectRoot = "";
			targets = (
				EE47C1F120CBB71800AB8BF8 /* appDelegate组建化思路优化 */,
				EE47C20920CBB71800AB8BF8 /* appDelegate组建化思路优化Tests */,
				EE47C21420CBB71800AB8BF8 /* appDelegate组建化思路优化UITests */,
			);
		};
/* End PBXProject section */

/* Begin PBXResourcesBuildPhase section */
		EE47C1F020CBB71800AB8BF8 /* Resources */ = {
			isa = PBXResourcesBuildPhase;
			buildActionMask = 2147483647;
			files = (
				EE4BCF1221099F8F00FAB6D8 /* README.md in Resources */,
				EE4A6BE120D29B3B00945C40 /* PHIColorConfig.plist in Resources */,
				EE47C20220CBB71800AB8BF8 /* LaunchScreen.storyboard in Resources */,
				EE47C1FF20CBB71800AB8BF8 /* Assets.xcassets in Resources */,
				EE47C1FD20CBB71800AB8BF8 /* Main.storyboard in Resources */,
				EE4BCF1121099F8F00FAB6D8 /* LICENSE in Resources */,
			);
			runOnlyForDeploymentPostprocessing = 0;
		};
		EE47C20820CBB71800AB8BF8 /* Resources */ = {
			isa = PBXResourcesBuildPhase;
			buildActionMask = 2147483647;
			files = (
			);
			runOnlyForDeploymentPostprocessing = 0;
		};
		EE47C21320CBB71800AB8BF8 /* Resources */ = {
			isa = PBXResourcesBuildPhase;
			buildActionMask = 2147483647;
			files = (
			);
			runOnlyForDeploymentPostprocessing = 0;
		};
/* End PBXResourcesBuildPhase section */

/* Begin PBXShellScriptBuildPhase section */
		992365ABBA2645BCC7280D4A /* [CP] Check Pods Manifest.lock */ = {
			isa = PBXShellScriptBuildPhase;
			buildActionMask = 2147483647;
			files = (
			);
			inputPaths = (
				"${PODS_PODFILE_DIR_PATH}/Podfile.lock",
				"${PODS_ROOT}/Manifest.lock",
			);
			name = "[CP] Check Pods Manifest.lock";
			outputPaths = (
				"$(DERIVED_FILE_DIR)/Pods-appDelegate组建化思路优化-checkManifestLockResult.txt",
			);
			runOnlyForDeploymentPostprocessing = 0;
			shellPath = /bin/sh;
			shellScript = "diff \"${PODS_PODFILE_DIR_PATH}/Podfile.lock\" \"${PODS_ROOT}/Manifest.lock\" > /dev/null\nif [ $? != 0 ] ; then\n    # print error to STDERR\n    echo \"error: The sandbox is not in sync with the Podfile.lock. Run 'pod install' or update your CocoaPods installation.\" >&2\n    exit 1\nfi\n# This output is used by Xcode 'outputs' to avoid re-running this script phase.\necho \"SUCCESS\" > \"${SCRIPT_OUTPUT_FILE_0}\"\n";
			showEnvVarsInLog = 0;
		};
/* End PBXShellScriptBuildPhase section */

/* Begin PBXSourcesBuildPhase section */
		EE47C1EE20CBB71800AB8BF8 /* Sources */ = {
			isa = PBXSourcesBuildPhase;
			buildActionMask = 2147483647;
			files = (
				EE47C24020CBBCEC00AB8BF8 /* PHIBuglyConfigurator.m in Sources */,
				EE4A6BDE20D2968000945C40 /* PHIConfigService.m in Sources */,
				EE4BCF1A21099F8F00FAB6D8 /* UIRefreshControl+AFNetworking.m in Sources */,
				EE4BCF1721099F8F00FAB6D8 /* UIButton+AFNetworking.m in Sources */,
				EE4BCF1921099F8F00FAB6D8 /* UIProgressView+AFNetworking.m in Sources */,
				EE4BCF1321099F8F00FAB6D8 /* AFAutoPurgingImageCache.m in Sources */,
				EE47C1FA20CBB71800AB8BF8 /* ViewController.m in Sources */,
				EE4BCF202109A0C000FAB6D8 /* NJF_NetWorkTool.m in Sources */,
				EE4BCF1521099F8F00FAB6D8 /* AFNetworkActivityIndicatorManager.m in Sources */,
				EE47C22E20CBB88100AB8BF8 /* PHIEngine.m in Sources */,
				EE4BCF1621099F8F00FAB6D8 /* UIActivityIndicatorView+AFNetworking.m in Sources */,
				EE4BCF0F21099F8F00FAB6D8 /* AFURLResponseSerialization.m in Sources */,
				EE4BCF1821099F8F00FAB6D8 /* UIImageView+AFNetworking.m in Sources */,
				EE6AEB1020D91C4A007C83E3 /* NSObject+PHIDependencyInjection.m in Sources */,
				EE4BCF0E21099F8F00FAB6D8 /* AFURLRequestSerialization.m in Sources */,
				EE4BCF0B21099F8F00FAB6D8 /* AFHTTPSessionManager.m in Sources */,
				EE47C23D20CBBB0F00AB8BF8 /* PHIAppConfigurator.m in Sources */,
				EE4BCF1021099F8F00FAB6D8 /* AFURLSessionManager.m in Sources */,
				EE4BCF1421099F8F00FAB6D8 /* AFImageDownloader.m in Sources */,
				EE47C20520CBB71800AB8BF8 /* main.m in Sources */,
				EE4BCF232109AA9900FAB6D8 /* NJFInterfacedConst.m in Sources */,
				EE4A6BD820D2917400945C40 /* PHIConfig.m in Sources */,
				EE4BCF262109AB5500FAB6D8 /* NJFRequest.m in Sources */,
				EE4BCF0D21099F8F00FAB6D8 /* AFSecurityPolicy.m in Sources */,
				EE47C1F720CBB71800AB8BF8 /* AppDelegate.m in Sources */,
				EE4BCF1B21099F8F00FAB6D8 /* UIWebView+AFNetworking.m in Sources */,
				EE4BCF0C21099F8F00FAB6D8 /* AFNetworkReachabilityManager.m in Sources */,
				EE47C22D20CBB88100AB8BF8 /* PHIBaseAppDelegate.m in Sources */,
			);
			runOnlyForDeploymentPostprocessing = 0;
		};
		EE47C20620CBB71800AB8BF8 /* Sources */ = {
			isa = PBXSourcesBuildPhase;
			buildActionMask = 2147483647;
			files = (
				EE47C20F20CBB71800AB8BF8 /* appDelegate_______Tests.m in Sources */,
			);
			runOnlyForDeploymentPostprocessing = 0;
		};
		EE47C21120CBB71800AB8BF8 /* Sources */ = {
			isa = PBXSourcesBuildPhase;
			buildActionMask = 2147483647;
			files = (
				EE47C21A20CBB71800AB8BF8 /* appDelegate_______UITests.m in Sources */,
			);
			runOnlyForDeploymentPostprocessing = 0;
		};
/* End PBXSourcesBuildPhase section */

/* Begin PBXTargetDependency section */
		EE47C20C20CBB71800AB8BF8 /* PBXTargetDependency */ = {
			isa = PBXTargetDependency;
			target = EE47C1F120CBB71800AB8BF8 /* appDelegate组建化思路优化 */;
			targetProxy = EE47C20B20CBB71800AB8BF8 /* PBXContainerItemProxy */;
		};
		EE47C21720CBB71800AB8BF8 /* PBXTargetDependency */ = {
			isa = PBXTargetDependency;
			target = EE47C1F120CBB71800AB8BF8 /* appDelegate组建化思路优化 */;
			targetProxy = EE47C21620CBB71800AB8BF8 /* PBXContainerItemProxy */;
		};
/* End PBXTargetDependency section */

/* Begin PBXVariantGroup section */
		EE47C1FB20CBB71800AB8BF8 /* Main.storyboard */ = {
			isa = PBXVariantGroup;
			children = (
				EE47C1FC20CBB71800AB8BF8 /* Base */,
			);
			name = Main.storyboard;
			sourceTree = "<group>";
		};
		EE47C20020CBB71800AB8BF8 /* LaunchScreen.storyboard */ = {
			isa = PBXVariantGroup;
			children = (
				EE47C20120CBB71800AB8BF8 /* Base */,
			);
			name = LaunchScreen.storyboard;
			sourceTree = "<group>";
		};
/* End PBXVariantGroup section */

/* Begin XCBuildConfiguration section */
		EE47C21C20CBB71800AB8BF8 /* Debug */ = {
			isa = XCBuildConfiguration;
			buildSettings = {
				ALWAYS_SEARCH_USER_PATHS = NO;
				CLANG_ANALYZER_NONNULL = YES;
				CLANG_ANALYZER_NUMBER_OBJECT_CONVERSION = YES_AGGRESSIVE;
				CLANG_CXX_LANGUAGE_STANDARD = "gnu++14";
				CLANG_CXX_LIBRARY = "libc++";
				CLANG_ENABLE_MODULES = YES;
				CLANG_ENABLE_OBJC_ARC = YES;
				CLANG_WARN_BLOCK_CAPTURE_AUTORELEASING = YES;
				CLANG_WARN_BOOL_CONVERSION = YES;
				CLANG_WARN_COMMA = YES;
				CLANG_WARN_CONSTANT_CONVERSION = YES;
				CLANG_WARN_DIRECT_OBJC_ISA_USAGE = YES_ERROR;
				CLANG_WARN_DOCUMENTATION_COMMENTS = YES;
				CLANG_WARN_EMPTY_BODY = YES;
				CLANG_WARN_ENUM_CONVERSION = YES;
				CLANG_WARN_INFINITE_RECURSION = YES;
				CLANG_WARN_INT_CONVERSION = YES;
				CLANG_WARN_NON_LITERAL_NULL_CONVERSION = YES;
				CLANG_WARN_OBJC_LITERAL_CONVERSION = YES;
				CLANG_WARN_OBJC_ROOT_CLASS = YES_ERROR;
				CLANG_WARN_RANGE_LOOP_ANALYSIS = YES;
				CLANG_WARN_STRICT_PROTOTYPES = YES;
				CLANG_WARN_SUSPICIOUS_MOVE = YES;
				CLANG_WARN_UNGUARDED_AVAILABILITY = YES_AGGRESSIVE;
				CLANG_WARN_UNREACHABLE_CODE = YES;
				CLANG_WARN__DUPLICATE_METHOD_MATCH = YES;
				CODE_SIGN_IDENTITY = "iPhone Developer";
				COPY_PHASE_STRIP = NO;
				DEBUG_INFORMATION_FORMAT = dwarf;
				ENABLE_STRICT_OBJC_MSGSEND = YES;
				ENABLE_TESTABILITY = YES;
				GCC_C_LANGUAGE_STANDARD = gnu11;
				GCC_DYNAMIC_NO_PIC = NO;
				GCC_NO_COMMON_BLOCKS = YES;
				GCC_OPTIMIZATION_LEVEL = 0;
				GCC_PREPROCESSOR_DEFINITIONS = (
					"DEBUG=1",
					"$(inherited)",
				);
				GCC_WARN_64_TO_32_BIT_CONVERSION = YES;
				GCC_WARN_ABOUT_RETURN_TYPE = YES_ERROR;
				GCC_WARN_UNDECLARED_SELECTOR = YES;
				GCC_WARN_UNINITIALIZED_AUTOS = YES_AGGRESSIVE;
				GCC_WARN_UNUSED_FUNCTION = YES;
				GCC_WARN_UNUSED_VARIABLE = YES;
				IPHONEOS_DEPLOYMENT_TARGET = 11.2;
				MTL_ENABLE_DEBUG_INFO = YES;
				ONLY_ACTIVE_ARCH = YES;
				SDKROOT = iphoneos;
			};
			name = Debug;
		};
		EE47C21D20CBB71800AB8BF8 /* Release */ = {
			isa = XCBuildConfiguration;
			buildSettings = {
				ALWAYS_SEARCH_USER_PATHS = NO;
				CLANG_ANALYZER_NONNULL = YES;
				CLANG_ANALYZER_NUMBER_OBJECT_CONVERSION = YES_AGGRESSIVE;
				CLANG_CXX_LANGUAGE_STANDARD = "gnu++14";
				CLANG_CXX_LIBRARY = "libc++";
				CLANG_ENABLE_MODULES = YES;
				CLANG_ENABLE_OBJC_ARC = YES;
				CLANG_WARN_BLOCK_CAPTURE_AUTORELEASING = YES;
				CLANG_WARN_BOOL_CONVERSION = YES;
				CLANG_WARN_COMMA = YES;
				CLANG_WARN_CONSTANT_CONVERSION = YES;
				CLANG_WARN_DIRECT_OBJC_ISA_USAGE = YES_ERROR;
				CLANG_WARN_DOCUMENTATION_COMMENTS = YES;
				CLANG_WARN_EMPTY_BODY = YES;
				CLANG_WARN_ENUM_CONVERSION = YES;
				CLANG_WARN_INFINITE_RECURSION = YES;
				CLANG_WARN_INT_CONVERSION = YES;
				CLANG_WARN_NON_LITERAL_NULL_CONVERSION = YES;
				CLANG_WARN_OBJC_LITERAL_CONVERSION = YES;
				CLANG_WARN_OBJC_ROOT_CLASS = YES_ERROR;
				CLANG_WARN_RANGE_LOOP_ANALYSIS = YES;
				CLANG_WARN_STRICT_PROTOTYPES = YES;
				CLANG_WARN_SUSPICIOUS_MOVE = YES;
				CLANG_WARN_UNGUARDED_AVAILABILITY = YES_AGGRESSIVE;
				CLANG_WARN_UNREACHABLE_CODE = YES;
				CLANG_WARN__DUPLICATE_METHOD_MATCH = YES;
				CODE_SIGN_IDENTITY = "iPhone Developer";
				COPY_PHASE_STRIP = NO;
				DEBUG_INFORMATION_FORMAT = "dwarf-with-dsym";
				ENABLE_NS_ASSERTIONS = NO;
				ENABLE_STRICT_OBJC_MSGSEND = YES;
				GCC_C_LANGUAGE_STANDARD = gnu11;
				GCC_NO_COMMON_BLOCKS = YES;
				GCC_WARN_64_TO_32_BIT_CONVERSION = YES;
				GCC_WARN_ABOUT_RETURN_TYPE = YES_ERROR;
				GCC_WARN_UNDECLARED_SELECTOR = YES;
				GCC_WARN_UNINITIALIZED_AUTOS = YES_AGGRESSIVE;
				GCC_WARN_UNUSED_FUNCTION = YES;
				GCC_WARN_UNUSED_VARIABLE = YES;
				IPHONEOS_DEPLOYMENT_TARGET = 11.2;
				MTL_ENABLE_DEBUG_INFO = NO;
				SDKROOT = iphoneos;
				VALIDATE_PRODUCT = YES;
			};
			name = Release;
		};
		EE47C21F20CBB71800AB8BF8 /* Debug */ = {
			isa = XCBuildConfiguration;
			baseConfigurationReference = 54C640D50B6CF63384C2DDA7 /* Pods-appDelegate组建化思路优化.debug.xcconfig */;
			buildSettings = {
				ASSETCATALOG_COMPILER_APPICON_NAME = AppIcon;
				CODE_SIGN_STYLE = Automatic;
				DEVELOPMENT_TEAM = J6NT87KVZZ;
				INFOPLIST_FILE = "appDelegate组建化思路优化/Info.plist";
				IPHONEOS_DEPLOYMENT_TARGET = 9.0;
				LD_RUNPATH_SEARCH_PATHS = "$(inherited) @executable_path/Frameworks";
				PRODUCT_BUNDLE_IDENTIFIER = "PHI.appDelegate-------";
				PRODUCT_NAME = "$(TARGET_NAME)";
				TARGETED_DEVICE_FAMILY = "1,2";
				USER_HEADER_SEARCH_PATHS = "${SRCROOT}/**";
			};
			name = Debug;
		};
		EE47C22020CBB71800AB8BF8 /* Release */ = {
			isa = XCBuildConfiguration;
			baseConfigurationReference = BF186E29166EA29BE256E3D7 /* Pods-appDelegate组建化思路优化.release.xcconfig */;
			buildSettings = {
				ASSETCATALOG_COMPILER_APPICON_NAME = AppIcon;
				CODE_SIGN_STYLE = Automatic;
				DEVELOPMENT_TEAM = J6NT87KVZZ;
				INFOPLIST_FILE = "appDelegate组建化思路优化/Info.plist";
				IPHONEOS_DEPLOYMENT_TARGET = 9.0;
				LD_RUNPATH_SEARCH_PATHS = "$(inherited) @executable_path/Frameworks";
				PRODUCT_BUNDLE_IDENTIFIER = "PHI.appDelegate-------";
				PRODUCT_NAME = "$(TARGET_NAME)";
				TARGETED_DEVICE_FAMILY = "1,2";
				USER_HEADER_SEARCH_PATHS = "${SRCROOT}/**";
			};
			name = Release;
		};
		EE47C22220CBB71800AB8BF8 /* Debug */ = {
			isa = XCBuildConfiguration;
			buildSettings = {
				BUNDLE_LOADER = "$(TEST_HOST)";
				CODE_SIGN_STYLE = Automatic;
				DEVELOPMENT_TEAM = J6NT87KVZZ;
				INFOPLIST_FILE = "appDelegate组建化思路优化Tests/Info.plist";
				LD_RUNPATH_SEARCH_PATHS = "$(inherited) @executable_path/Frameworks @loader_path/Frameworks";
				PRODUCT_BUNDLE_IDENTIFIER = "PHI.appDelegate-------Tests";
				PRODUCT_NAME = "$(TARGET_NAME)";
				TARGETED_DEVICE_FAMILY = "1,2";
				TEST_HOST = "$(BUILT_PRODUCTS_DIR)/appDelegate组建化思路优化.app/appDelegate组建化思路优化";
			};
			name = Debug;
		};
		EE47C22320CBB71800AB8BF8 /* Release */ = {
			isa = XCBuildConfiguration;
			buildSettings = {
				BUNDLE_LOADER = "$(TEST_HOST)";
				CODE_SIGN_STYLE = Automatic;
				DEVELOPMENT_TEAM = J6NT87KVZZ;
				INFOPLIST_FILE = "appDelegate组建化思路优化Tests/Info.plist";
				LD_RUNPATH_SEARCH_PATHS = "$(inherited) @executable_path/Frameworks @loader_path/Frameworks";
				PRODUCT_BUNDLE_IDENTIFIER = "PHI.appDelegate-------Tests";
				PRODUCT_NAME = "$(TARGET_NAME)";
				TARGETED_DEVICE_FAMILY = "1,2";
				TEST_HOST = "$(BUILT_PRODUCTS_DIR)/appDelegate组建化思路优化.app/appDelegate组建化思路优化";
			};
			name = Release;
		};
		EE47C22520CBB71800AB8BF8 /* Debug */ = {
			isa = XCBuildConfiguration;
			buildSettings = {
				CODE_SIGN_STYLE = Automatic;
				DEVELOPMENT_TEAM = J6NT87KVZZ;
				INFOPLIST_FILE = "appDelegate组建化思路优化UITests/Info.plist";
				LD_RUNPATH_SEARCH_PATHS = "$(inherited) @executable_path/Frameworks @loader_path/Frameworks";
				PRODUCT_BUNDLE_IDENTIFIER = "PHI.appDelegate-------UITests";
				PRODUCT_NAME = "$(TARGET_NAME)";
				TARGETED_DEVICE_FAMILY = "1,2";
				TEST_TARGET_NAME = "appDelegate组建化思路优化";
			};
			name = Debug;
		};
		EE47C22620CBB71800AB8BF8 /* Release */ = {
			isa = XCBuildConfiguration;
			buildSettings = {
				CODE_SIGN_STYLE = Automatic;
				DEVELOPMENT_TEAM = J6NT87KVZZ;
				INFOPLIST_FILE = "appDelegate组建化思路优化UITests/Info.plist";
				LD_RUNPATH_SEARCH_PATHS = "$(inherited) @executable_path/Frameworks @loader_path/Frameworks";
				PRODUCT_BUNDLE_IDENTIFIER = "PHI.appDelegate-------UITests";
				PRODUCT_NAME = "$(TARGET_NAME)";
				TARGETED_DEVICE_FAMILY = "1,2";
				TEST_TARGET_NAME = "appDelegate组建化思路优化";
			};
			name = Release;
		};
/* End XCBuildConfiguration section */

/* Begin XCConfigurationList section */
		EE47C1ED20CBB71800AB8BF8 /* Build configuration list for PBXProject "appDelegate组建化思路优化" */ = {
			isa = XCConfigurationList;
			buildConfigurations = (
				EE47C21C20CBB71800AB8BF8 /* Debug */,
				EE47C21D20CBB71800AB8BF8 /* Release */,
			);
			defaultConfigurationIsVisible = 0;
			defaultConfigurationName = Release;
		};
		EE47C21E20CBB71800AB8BF8 /* Build configuration list for PBXNativeTarget "appDelegate组建化思路优化" */ = {
			isa = XCConfigurationList;
			buildConfigurations = (
				EE47C21F20CBB71800AB8BF8 /* Debug */,
				EE47C22020CBB71800AB8BF8 /* Release */,
			);
			defaultConfigurationIsVisible = 0;
			defaultConfigurationName = Release;
		};
		EE47C22120CBB71800AB8BF8 /* Build configuration list for PBXNativeTarget "appDelegate组建化思路优化Tests" */ = {
			isa = XCConfigurationList;
			buildConfigurations = (
				EE47C22220CBB71800AB8BF8 /* Debug */,
				EE47C22320CBB71800AB8BF8 /* Release */,
			);
			defaultConfigurationIsVisible = 0;
			defaultConfigurationName = Release;
		};
		EE47C22420CBB71800AB8BF8 /* Build configuration list for PBXNativeTarget "appDelegate组建化思路优化UITests" */ = {
			isa = XCConfigurationList;
			buildConfigurations = (
				EE47C22520CBB71800AB8BF8 /* Debug */,
				EE47C22620CBB71800AB8BF8 /* Release */,
			);
			defaultConfigurationIsVisible = 0;
			defaultConfigurationName = Release;
		};
/* End XCConfigurationList section */
	};
	rootObject = EE47C1EA20CBB71800AB8BF8 /* Project object */;
}
